
Microsoft Visual Studio Solution File, Format Version 12.00
# Visual Studio Version 17
VisualStudioVersion = 17.14.36511.14 d17.14
MinimumVisualStudioVersion = 10.0.40219.1
Project("{FAE04EC0-301F-11D3-BF4B-00C04F79EFBC}") = "programmingMotivator", "programmingMotivator.csproj", "{CD81D224-ED18-4EE4-91E1-9432DE638DF1}"
EndProject
Global
	GlobalSection(SolutionConfigurationPlatforms) = preSolution
		Debug|Any CPU = Debug|Any CPU
		Release|Any CPU = Release|Any CPU
	EndGlobalSection
	GlobalSection(ProjectConfigurationPlatforms) = postSolution
		{CD81D224-ED18-4EE4-91E1-9432DE638DF1}.Debug|Any CPU.ActiveCfg = Debug|Any CPU
		{CD81D224-ED18-4EE4-91E1-9432DE638DF1}.Debug|Any CPU.Build.0 = Debug|Any CPU
		{CD81D224-ED18-4EE4-91E1-9432DE638DF1}.Release|Any CPU.ActiveCfg = Release|Any CPU
		{CD81D224-ED18-4EE4-91E1-9432DE638DF1}.Release|Any CPU.Build.0 = Release|Any CPU
	EndGlobalSection
	GlobalSection(SolutionProperties) = preSolution
		HideSolutionNode = FALSE
	EndGlobalSection
	GlobalSection(ExtensibilityGlobals) = postSolution
		SolutionGuid = {EF5D0046-303D-45F1-9D0F-815A4EC8F3F7}
	EndGlobalSection
EndGlobal
